
Microsoft Visual Studio Solution File, Format Version 12.00
# Visual Studio Version 17
VisualStudioVersion = 17.10.35013.160
MinimumVisualStudioVersion = 10.0.40219.1
Project("{FAE04EC0-301F-11D3-BF4B-00C04F79EFBC}") = "monogame intro", "monogame intro.csproj", "{A837C06A-BA48-4354-8C20-2376B2D6E227}"
EndProject
Global
	GlobalSection(SolutionConfigurationPlatforms) = preSolution
		Debug|Any CPU = Debug|Any CPU
		Release|Any CPU = Release|Any CPU
	EndGlobalSection
	GlobalSection(ProjectConfigurationPlatforms) = postSolution
		{A837C06A-BA48-4354-8C20-2376B2D6E227}.Debug|Any CPU.ActiveCfg = Debug|Any CPU
		{A837C06A-BA48-4354-8C20-2376B2D6E227}.Debug|Any CPU.Build.0 = Debug|Any CPU
		{A837C06A-BA48-4354-8C20-2376B2D6E227}.Release|Any CPU.ActiveCfg = Release|Any CPU
		{A837C06A-BA48-4354-8C20-2376B2D6E227}.Release|Any CPU.Build.0 = Release|Any CPU
	EndGlobalSection
	GlobalSection(SolutionProperties) = preSolution
		HideSolutionNode = FALSE
	EndGlobalSection
	GlobalSection(ExtensibilityGlobals) = postSolution
		SolutionGuid = {D3A5F296-C02C-4047-A684-8E1413021AE1}
	EndGlobalSection
EndGlobal
